
Microsoft Visual Studio Solution File, Format Version 12.00
# Visual Studio Version 17
VisualStudioVersion = 17.9.34714.143
MinimumVisualStudioVersion = 10.0.40219.1
Project("{8BC9CEB8-8B4A-11D0-8D11-00A0C91BC942}") = "Ludum dare 55", "Ludum dare 55\Ludum dare 55.vcxproj", "{3BC8AB90-EE56-4EF2-B6C8-C6E4F35AD036}"
EndProject
Global
	GlobalSection(SolutionConfigurationPlatforms) = preSolution
		Debug|x64 = Debug|x64
		Debug|x86 = Debug|x86
		Release|x64 = Release|x64
		Release|x86 = Release|x86
	EndGlobalSection
	GlobalSection(ProjectConfigurationPlatforms) = postSolution
		{3BC8AB90-EE56-4EF2-B6C8-C6E4F35AD036}.Debug|x64.ActiveCfg = Debug|x64
		{3BC8AB90-EE56-4EF2-B6C8-C6E4F35AD036}.Debug|x64.Build.0 = Debug|x64
		{3BC8AB90-EE56-4EF2-B6C8-C6E4F35AD036}.Debug|x86.ActiveCfg = Debug|Win32
		{3BC8AB90-EE56-4EF2-B6C8-C6E4F35AD036}.Debug|x86.Build.0 = Debug|Win32
		{3BC8AB90-EE56-4EF2-B6C8-C6E4F35AD036}.Release|x64.ActiveCfg = Release|x64
		{3BC8AB90-EE56-4EF2-B6C8-C6E4F35AD036}.Release|x64.Build.0 = Release|x64
		{3BC8AB90-EE56-4EF2-B6C8-C6E4F35AD036}.Release|x86.ActiveCfg = Release|Win32
		{3BC8AB90-EE56-4EF2-B6C8-C6E4F35AD036}.Release|x86.Build.0 = Release|Win32
	EndGlobalSection
	GlobalSection(SolutionProperties) = preSolution
		HideSolutionNode = FALSE
	EndGlobalSection
	GlobalSection(ExtensibilityGlobals) = postSolution
		SolutionGuid = {3E8B5E76-2933-48F7-82B2-A7FA9423307E}
	EndGlobalSection
EndGlobal
